// !$*UTF8*$!
{
	archiveVersion = 1;
	classes = {
	};
	objectVersion = 77;
	objects = {

/* Begin PBXBuildFile section */
		D071DD7A2E48229E00265FA4 /* WidgetKit.framework in Frameworks */ = {isa = PBXBuildFile; fileRef = D071DD792E48229E00265FA4 /* WidgetKit.framework */; };
		D071DD7C2E48229E00265FA4 /* SwiftUI.framework in Frameworks */ = {isa = PBXBuildFile; fileRef = D071DD7B2E48229E00265FA4 /* SwiftUI.framework */; };
		D071DD892E48229F00265FA4 /* MindNotesWidget-ExtensionExtension.appex in Embed Foundation Extensions */ = {isa = PBXBuildFile; fileRef = D071DD772E48229E00265FA4 /* MindNotesWidget-ExtensionExtension.appex */; settings = {ATTRIBUTES = (RemoveHeadersOnCopy, ); }; };
/* End PBXBuildFile section */

/* Begin PBXContainerItemProxy section */
		D071DD872E48229F00265FA4 /* PBXContainerItemProxy */ = {
			isa = PBXContainerItemProxy;
			containerPortal = D081A5842E2687FF002F43C7 /* Project object */;
			proxyType = 1;
			remoteGlobalIDString = D071DD762E48229E00265FA4;
			remoteInfo = "MindNotesWidget-ExtensionExtension";
		};
		D081A59E2E268801002F43C7 /* PBXContainerItemProxy */ = {
			isa = PBXContainerItemProxy;
			containerPortal = D081A5842E2687FF002F43C7 /* Project object */;
			proxyType = 1;
			remoteGlobalIDString = D081A58B2E2687FF002F43C7;
			remoteInfo = MindNotes;
		};
		D081A5A82E268801002F43C7 /* PBXContainerItemProxy */ = {
			isa = PBXContainerItemProxy;
			containerPortal = D081A5842E2687FF002F43C7 /* Project object */;
			proxyType = 1;
			remoteGlobalIDString = D081A58B2E2687FF002F43C7;
			remoteInfo = MindNotes;
		};
/* End PBXContainerItemProxy section */

/* Begin PBXCopyFilesBuildPhase section */
		D071DD8E2E48229F00265FA4 /* Embed Foundation Extensions */ = {
			isa = PBXCopyFilesBuildPhase;
			buildActionMask = 2147483647;
			dstPath = "";
			dstSubfolderSpec = 13;
			files = (
				D071DD892E48229F00265FA4 /* MindNotesWidget-ExtensionExtension.appex in Embed Foundation Extensions */,
			);
			name = "Embed Foundation Extensions";
			runOnlyForDeploymentPostprocessing = 0;
		};
/* End PBXCopyFilesBuildPhase section */

/* Begin PBXFileReference section */
		D071DD772E48229E00265FA4 /* MindNotesWidget-ExtensionExtension.appex */ = {isa = PBXFileReference; explicitFileType = "wrapper.app-extension"; includeInIndex = 0; path = "MindNotesWidget-ExtensionExtension.appex"; sourceTree = BUILT_PRODUCTS_DIR; };
		D071DD792E48229E00265FA4 /* WidgetKit.framework */ = {isa = PBXFileReference; lastKnownFileType = wrapper.framework; name = WidgetKit.framework; path = System/Library/Frameworks/WidgetKit.framework; sourceTree = SDKROOT; };
		D071DD7B2E48229E00265FA4 /* SwiftUI.framework */ = {isa = PBXFileReference; lastKnownFileType = wrapper.framework; name = SwiftUI.framework; path = System/Library/Frameworks/SwiftUI.framework; sourceTree = SDKROOT; };
		D081A58C2E2687FF002F43C7 /* MindNotes.app */ = {isa = PBXFileReference; explicitFileType = wrapper.application; includeInIndex = 0; path = MindNotes.app; sourceTree = BUILT_PRODUCTS_DIR; };
		D081A59D2E268801002F43C7 /* MindNotesTests.xctest */ = {isa = PBXFileReference; explicitFileType = wrapper.cfbundle; includeInIndex = 0; path = MindNotesTests.xctest; sourceTree = BUILT_PRODUCTS_DIR; };
		D081A5A72E268801002F43C7 /* MindNotesUITests.xctest */ = {isa = PBXFileReference; explicitFileType = wrapper.cfbundle; includeInIndex = 0; path = MindNotesUITests.xctest; sourceTree = BUILT_PRODUCTS_DIR; };
/* End PBXFileReference section */

/* Begin PBXFileSystemSynchronizedBuildFileExceptionSet section */
		D071DD8A2E48229F00265FA4 /* Exceptions for "MindNotesWidget-Extension" folder in "MindNotesWidget-ExtensionExtension" target */ = {
			isa = PBXFileSystemSynchronizedBuildFileExceptionSet;
			membershipExceptions = (
				Info.plist,
			);
			target = D071DD762E48229E00265FA4 /* MindNotesWidget-ExtensionExtension */;
		};
/* End PBXFileSystemSynchronizedBuildFileExceptionSet section */

/* Begin PBXFileSystemSynchronizedRootGroup section */
		D071DD7D2E48229E00265FA4 /* MindNotesWidget-Extension */ = {
			isa = PBXFileSystemSynchronizedRootGroup;
			exceptions = (
				D071DD8A2E48229F00265FA4 /* Exceptions for "MindNotesWidget-Extension" folder in "MindNotesWidget-ExtensionExtension" target */,
			);
			path = "MindNotesWidget-Extension";
			sourceTree = "<group>";
		};
		D081A58E2E2687FF002F43C7 /* MindNotes */ = {
			isa = PBXFileSystemSynchronizedRootGroup;
			path = MindNotes;
			sourceTree = "<group>";
		};
		D081A5A02E268801002F43C7 /* MindNotesTests */ = {
			isa = PBXFileSystemSynchronizedRootGroup;
			path = MindNotesTests;
			sourceTree = "<group>";
		};
		D081A5AA2E268801002F43C7 /* MindNotesUITests */ = {
			isa = PBXFileSystemSynchronizedRootGroup;
			path = MindNotesUITests;
			sourceTree = "<group>";
		};
/* End PBXFileSystemSynchronizedRootGroup section */

/* Begin PBXFrameworksBuildPhase section */
		D071DD742E48229E00265FA4 /* Frameworks */ = {
			isa = PBXFrameworksBuildPhase;
			buildActionMask = 2147483647;
			files = (
				D071DD7C2E48229E00265FA4 /* SwiftUI.framework in Frameworks */,
				D071DD7A2E48229E00265FA4 /* WidgetKit.framework in Frameworks */,
			);
			runOnlyForDeploymentPostprocessing = 0;
		};
		D081A5892E2687FF002F43C7 /* Frameworks */ = {
			isa = PBXFrameworksBuildPhase;
			buildActionMask = 2147483647;
			files = (
			);
			runOnlyForDeploymentPostprocessing = 0;
		};
		D081A59A2E268801002F43C7 /* Frameworks */ = {
			isa = PBXFrameworksBuildPhase;
			buildActionMask = 2147483647;
			files = (
			);
			runOnlyForDeploymentPostprocessing = 0;
		};
		D081A5A42E268801002F43C7 /* Frameworks */ = {
			isa = PBXFrameworksBuildPhase;
			buildActionMask = 2147483647;
			files = (
			);
			runOnlyForDeploymentPostprocessing = 0;
		};
/* End PBXFrameworksBuildPhase section */

/* Begin PBXGroup section */
		D071DD782E48229E00265FA4 /* Frameworks */ = {
			isa = PBXGroup;
			children = (
				D071DD792E48229E00265FA4 /* WidgetKit.framework */,
				D071DD7B2E48229E00265FA4 /* SwiftUI.framework */,
			);
			name = Frameworks;
			sourceTree = "<group>";
		};
		D081A5832E2687FF002F43C7 = {
			isa = PBXGroup;
			children = (
				D081A58E2E2687FF002F43C7 /* MindNotes */,
				D081A5A02E268801002F43C7 /* MindNotesTests */,
				D081A5AA2E268801002F43C7 /* MindNotesUITests */,
				D071DD7D2E48229E00265FA4 /* MindNotesWidget-Extension */,
				D071DD782E48229E00265FA4 /* Frameworks */,
				D081A58D2E2687FF002F43C7 /* Products */,
			);
			sourceTree = "<group>";
		};
		D081A58D2E2687FF002F43C7 /* Products */ = {
			isa = PBXGroup;
			children = (
				D081A58C2E2687FF002F43C7 /* MindNotes.app */,
				D081A59D2E268801002F43C7 /* MindNotesTests.xctest */,
				D081A5A72E268801002F43C7 /* MindNotesUITests.xctest */,
				D071DD772E48229E00265FA4 /* MindNotesWidget-ExtensionExtension.appex */,
			);
			name = Products;
			sourceTree = "<group>";
		};
/* End PBXGroup section */

/* Begin PBXNativeTarget section */
		D071DD762E48229E00265FA4 /* MindNotesWidget-ExtensionExtension */ = {
			isa = PBXNativeTarget;
			buildConfigurationList = D071DD8B2E48229F00265FA4 /* Build configuration list for PBXNativeTarget "MindNotesWidget-ExtensionExtension" */;
			buildPhases = (
				D071DD732E48229E00265FA4 /* Sources */,
				D071DD742E48229E00265FA4 /* Frameworks */,
				D071DD752E48229E00265FA4 /* Resources */,
			);
			buildRules = (
			);
			dependencies = (
			);
			fileSystemSynchronizedGroups = (
				D071DD7D2E48229E00265FA4 /* MindNotesWidget-Extension */,
			);
			name = "MindNotesWidget-ExtensionExtension";
			packageProductDependencies = (
			);
			productName = "MindNotesWidget-ExtensionExtension";
			productReference = D071DD772E48229E00265FA4 /* MindNotesWidget-ExtensionExtension.appex */;
			productType = "com.apple.product-type.app-extension";
		};
		D081A58B2E2687FF002F43C7 /* MindNotes */ = {
			isa = PBXNativeTarget;
			buildConfigurationList = D081A5B12E268801002F43C7 /* Build configuration list for PBXNativeTarget "MindNotes" */;
			buildPhases = (
				D081A5882E2687FF002F43C7 /* Sources */,
				D081A5892E2687FF002F43C7 /* Frameworks */,
				D081A58A2E2687FF002F43C7 /* Resources */,
				D071DD8E2E48229F00265FA4 /* Embed Foundation Extensions */,
			);
			buildRules = (
			);
			dependencies = (
				D071DD882E48229F00265FA4 /* PBXTargetDependency */,
			);
			fileSystemSynchronizedGroups = (
				D081A58E2E2687FF002F43C7 /* MindNotes */,
			);
			name = MindNotes;
			packageProductDependencies = (
			);
			productName = MindNotes;
			productReference = D081A58C2E2687FF002F43C7 /* MindNotes.app */;
			productType = "com.apple.product-type.application";
		};
		D081A59C2E268801002F43C7 /* MindNotesTests */ = {
			isa = PBXNativeTarget;
			buildConfigurationList = D081A5B42E268801002F43C7 /* Build configuration list for PBXNativeTarget "MindNotesTests" */;
			buildPhases = (
				D081A5992E268801002F43C7 /* Sources */,
				D081A59A2E268801002F43C7 /* Frameworks */,
				D081A59B2E268801002F43C7 /* Resources */,
			);
			buildRules = (
			);
			dependencies = (
				D081A59F2E268801002F43C7 /* PBXTargetDependency */,
			);
			fileSystemSynchronizedGroups = (
				D081A5A02E268801002F43C7 /* MindNotesTests */,
			);
			name = MindNotesTests;
			packageProductDependencies = (
			);
			productName = MindNotesTests;
			productReference = D081A59D2E268801002F43C7 /* MindNotesTests.xctest */;
			productType = "com.apple.product-type.bundle.unit-test";
		};
		D081A5A62E268801002F43C7 /* MindNotesUITests */ = {
			isa = PBXNativeTarget;
			buildConfigurationList = D081A5B72E268801002F43C7 /* Build configuration list for PBXNativeTarget "MindNotesUITests" */;
			buildPhases = (
				D081A5A32E268801002F43C7 /* Sources */,
				D081A5A42E268801002F43C7 /* Frameworks */,
				D081A5A52E268801002F43C7 /* Resources */,
			);
			buildRules = (
			);
			dependencies = (
				D081A5A92E268801002F43C7 /* PBXTargetDependency */,
			);
			fileSystemSynchronizedGroups = (
				D081A5AA2E268801002F43C7 /* MindNotesUITests */,
			);
			name = MindNotesUITests;
			packageProductDependencies = (
			);
			productName = MindNotesUITests;
			productReference = D081A5A72E268801002F43C7 /* MindNotesUITests.xctest */;
			productType = "com.apple.product-type.bundle.ui-testing";
		};
/* End PBXNativeTarget section */

/* Begin PBXProject section */
		D081A5842E2687FF002F43C7 /* Project object */ = {
			isa = PBXProject;
			attributes = {
				BuildIndependentTargetsInParallel = 1;
				LastSwiftUpdateCheck = 1620;
				LastUpgradeCheck = 1620;
				TargetAttributes = {
					D071DD762E48229E00265FA4 = {
						CreatedOnToolsVersion = 16.2;
					};
					D081A58B2E2687FF002F43C7 = {
						CreatedOnToolsVersion = 16.2;
					};
					D081A59C2E268801002F43C7 = {
						CreatedOnToolsVersion = 16.2;
						TestTargetID = D081A58B2E2687FF002F43C7;
					};
					D081A5A62E268801002F43C7 = {
						CreatedOnToolsVersion = 16.2;
						TestTargetID = D081A58B2E2687FF002F43C7;
					};
				};
			};
			buildConfigurationList = D081A5872E2687FF002F43C7 /* Build configuration list for PBXProject "MindNotes" */;
			developmentRegion = en;
			hasScannedForEncodings = 0;
			knownRegions = (
				en,
				Base,
			);
			mainGroup = D081A5832E2687FF002F43C7;
			minimizedProjectReferenceProxies = 1;
			preferredProjectObjectVersion = 77;
			productRefGroup = D081A58D2E2687FF002F43C7 /* Products */;
			projectDirPath = "";
			projectRoot = "";
			targets = (
				D081A58B2E2687FF002F43C7 /* MindNotes */,
				D081A59C2E268801002F43C7 /* MindNotesTests */,
				D081A5A62E268801002F43C7 /* MindNotesUITests */,
				D071DD762E48229E00265FA4 /* MindNotesWidget-ExtensionExtension */,
			);
		};
/* End PBXProject section */

/* Begin PBXResourcesBuildPhase section */
		D071DD752E48229E00265FA4 /* Resources */ = {
			isa = PBXResourcesBuildPhase;
			buildActionMask = 2147483647;
			files = (
			);
			runOnlyForDeploymentPostprocessing = 0;
		};
		D081A58A2E2687FF002F43C7 /* Resources */ = {
			isa = PBXResourcesBuildPhase;
			buildActionMask = 2147483647;
			files = (
			);
			runOnlyForDeploymentPostprocessing = 0;
		};
		D081A59B2E268801002F43C7 /* Resources */ = {
			isa = PBXResourcesBuildPhase;
			buildActionMask = 2147483647;
			files = (
			);
			runOnlyForDeploymentPostprocessing = 0;
		};
		D081A5A52E268801002F43C7 /* Resources */ = {
			isa = PBXResourcesBuildPhase;
			buildActionMask = 2147483647;
			files = (
			);
			runOnlyForDeploymentPostprocessing = 0;
		};
/* End PBXResourcesBuildPhase section */

/* Begin PBXSourcesBuildPhase section */
		D071DD732E48229E00265FA4 /* Sources */ = {
			isa = PBXSourcesBuildPhase;
			buildActionMask = 2147483647;
			files = (
			);
			runOnlyForDeploymentPostprocessing = 0;
		};
		D081A5882E2687FF002F43C7 /* Sources */ = {
			isa = PBXSourcesBuildPhase;
			buildActionMask = 2147483647;
			files = (
			);
			runOnlyForDeploymentPostprocessing = 0;
		};
		D081A5992E268801002F43C7 /* Sources */ = {
			isa = PBXSourcesBuildPhase;
			buildActionMask = 2147483647;
			files = (
			);
			runOnlyForDeploymentPostprocessing = 0;
		};
		D081A5A32E268801002F43C7 /* Sources */ = {
			isa = PBXSourcesBuildPhase;
			buildActionMask = 2147483647;
			files = (
			);
			runOnlyForDeploymentPostprocessing = 0;
		};
/* End PBXSourcesBuildPhase section */

/* Begin PBXTargetDependency section */
		D071DD882E48229F00265FA4 /* PBXTargetDependency */ = {
			isa = PBXTargetDependency;
			target = D071DD762E48229E00265FA4 /* MindNotesWidget-ExtensionExtension */;
			targetProxy = D071DD872E48229F00265FA4 /* PBXContainerItemProxy */;
		};
		D081A59F2E268801002F43C7 /* PBXTargetDependency */ = {
			isa = PBXTargetDependency;
			target = D081A58B2E2687FF002F43C7 /* MindNotes */;
			targetProxy = D081A59E2E268801002F43C7 /* PBXContainerItemProxy */;
		};
		D081A5A92E268801002F43C7 /* PBXTargetDependency */ = {
			isa = PBXTargetDependency;
			target = D081A58B2E2687FF002F43C7 /* MindNotes */;
			targetProxy = D081A5A82E268801002F43C7 /* PBXContainerItemProxy */;
		};
/* End PBXTargetDependency section */

/* Begin XCBuildConfiguration section */
		D071DD8C2E48229F00265FA4 /* Debug */ = {
			isa = XCBuildConfiguration;
			buildSettings = {
				ASSETCATALOG_COMPILER_GLOBAL_ACCENT_COLOR_NAME = AccentColor;
				ASSETCATALOG_COMPILER_WIDGET_BACKGROUND_COLOR_NAME = WidgetBackground;
				CODE_SIGN_STYLE = Automatic;
				CURRENT_PROJECT_VERSION = 1;
				DEVELOPMENT_TEAM = GTH77F75XH;
				GENERATE_INFOPLIST_FILE = YES;
				INFOPLIST_FILE = "MindNotesWidget-Extension/Info.plist";
				INFOPLIST_KEY_CFBundleDisplayName = "MindNotesWidget-Extension";
				INFOPLIST_KEY_NSHumanReadableCopyright = "";
				IPHONEOS_DEPLOYMENT_TARGET = 17.6;
				LD_RUNPATH_SEARCH_PATHS = (
					"$(inherited)",
					"@executable_path/Frameworks",
					"@executable_path/../../Frameworks",
				);
				MARKETING_VERSION = 1.0;
				PRODUCT_BUNDLE_IDENTIFIER = "mateus.MindNotes.MindNotesWidget-Extension";
				PRODUCT_NAME = "$(TARGET_NAME)";
				SDKROOT = iphoneos;
				SKIP_INSTALL = YES;
				SWIFT_EMIT_LOC_STRINGS = YES;
				SWIFT_VERSION = 5.0;
				TARGETED_DEVICE_FAMILY = "1,2";
			};
			name = Debug;
		};
		D071DD8D2E48229F00265FA4 /* Release */ = {
			isa = XCBuildConfiguration;
			buildSettings = {
				ASSETCATALOG_COMPILER_GLOBAL_ACCENT_COLOR_NAME = AccentColor;
				ASSETCATALOG_COMPILER_WIDGET_BACKGROUND_COLOR_NAME = WidgetBackground;
				CODE_SIGN_STYLE = Automatic;
				CURRENT_PROJECT_VERSION = 1;
				DEVELOPMENT_TEAM = GTH77F75XH;
				GENERATE_INFOPLIST_FILE = YES;
				INFOPLIST_FILE = "MindNotesWidget-Extension/Info.plist";
				INFOPLIST_KEY_CFBundleDisplayName = "MindNotesWidget-Extension";
				INFOPLIST_KEY_NSHumanReadableCopyright = "";
				IPHONEOS_DEPLOYMENT_TARGET = 17.6;
				LD_RUNPATH_SEARCH_PATHS = (
					"$(inherited)",
					"@executable_path/Frameworks",
					"@executable_path/../../Frameworks",
				);
				MARKETING_VERSION = 1.0;
				PRODUCT_BUNDLE_IDENTIFIER = "mateus.MindNotes.MindNotesWidget-Extension";
				PRODUCT_NAME = "$(TARGET_NAME)";
				SDKROOT = iphoneos;
				SKIP_INSTALL = YES;
				SWIFT_EMIT_LOC_STRINGS = YES;
				SWIFT_VERSION = 5.0;
				TARGETED_DEVICE_FAMILY = "1,2";
				VALIDATE_PRODUCT = YES;
			};
			name = Release;
		};
		D081A5AF2E268801002F43C7 /* Debug */ = {
			isa = XCBuildConfiguration;
			buildSettings = {
				ALWAYS_SEARCH_USER_PATHS = NO;
				ASSETCATALOG_COMPILER_GENERATE_SWIFT_ASSET_SYMBOL_EXTENSIONS = YES;
				CLANG_ANALYZER_NONNULL = YES;
				CLANG_ANALYZER_NUMBER_OBJECT_CONVERSION = YES_AGGRESSIVE;
				CLANG_CXX_LANGUAGE_STANDARD = "gnu++20";
				CLANG_ENABLE_MODULES = YES;
				CLANG_ENABLE_OBJC_ARC = YES;
				CLANG_ENABLE_OBJC_WEAK = YES;
				CLANG_WARN_BLOCK_CAPTURE_AUTORELEASING = YES;
				CLANG_WARN_BOOL_CONVERSION = YES;
				CLANG_WARN_COMMA = YES;
				CLANG_WARN_CONSTANT_CONVERSION = YES;
				CLANG_WARN_DEPRECATED_OBJC_IMPLEMENTATIONS = YES;
				CLANG_WARN_DIRECT_OBJC_ISA_USAGE = YES_ERROR;
				CLANG_WARN_DOCUMENTATION_COMMENTS = YES;
				CLANG_WARN_EMPTY_BODY = YES;
				CLANG_WARN_ENUM_CONVERSION = YES;
				CLANG_WARN_INFINITE_RECURSION = YES;
				CLANG_WARN_INT_CONVERSION = YES;
				CLANG_WARN_NON_LITERAL_NULL_CONVERSION = YES;
				CLANG_WARN_OBJC_IMPLICIT_RETAIN_SELF = YES;
				CLANG_WARN_OBJC_LITERAL_CONVERSION = YES;
				CLANG_WARN_OBJC_ROOT_CLASS = YES_ERROR;
				CLANG_WARN_QUOTED_INCLUDE_IN_FRAMEWORK_HEADER = YES;
				CLANG_WARN_RANGE_LOOP_ANALYSIS = YES;
				CLANG_WARN_STRICT_PROTOTYPES = YES;
				CLANG_WARN_SUSPICIOUS_MOVE = YES;
				CLANG_WARN_UNGUARDED_AVAILABILITY = YES_AGGRESSIVE;
				CLANG_WARN_UNREACHABLE_CODE = YES;
				CLANG_WARN__DUPLICATE_METHOD_MATCH = YES;
				COPY_PHASE_STRIP = NO;
				DEBUG_INFORMATION_FORMAT = dwarf;
				ENABLE_STRICT_OBJC_MSGSEND = YES;
				ENABLE_TESTABILITY = YES;
				ENABLE_USER_SCRIPT_SANDBOXING = YES;
				GCC_C_LANGUAGE_STANDARD = gnu17;
				GCC_DYNAMIC_NO_PIC = NO;
				GCC_NO_COMMON_BLOCKS = YES;
				GCC_OPTIMIZATION_LEVEL = 0;
				GCC_PREPROCESSOR_DEFINITIONS = (
					"DEBUG=1",
					"$(inherited)",
				);
				GCC_WARN_64_TO_32_BIT_CONVERSION = YES;
				GCC_WARN_ABOUT_RETURN_TYPE = YES_ERROR;
				GCC_WARN_UNDECLARED_SELECTOR = YES;
				GCC_WARN_UNINITIALIZED_AUTOS = YES_AGGRESSIVE;
				GCC_WARN_UNUSED_FUNCTION = YES;
				GCC_WARN_UNUSED_VARIABLE = YES;
				LOCALIZATION_PREFERS_STRING_CATALOGS = YES;
				MTL_ENABLE_DEBUG_INFO = INCLUDE_SOURCE;
				MTL_FAST_MATH = YES;
				ONLY_ACTIVE_ARCH = YES;
				SWIFT_ACTIVE_COMPILATION_CONDITIONS = "DEBUG $(inherited)";
				SWIFT_OPTIMIZATION_LEVEL = "-Onone";
			};
			name = Debug;
		};
		D081A5B02E268801002F43C7 /* Release */ = {
			isa = XCBuildConfiguration;
			buildSettings = {
				ALWAYS_SEARCH_USER_PATHS = NO;
				ASSETCATALOG_COMPILER_GENERATE_SWIFT_ASSET_SYMBOL_EXTENSIONS = YES;
				CLANG_ANALYZER_NONNULL = YES;
				CLANG_ANALYZER_NUMBER_OBJECT_CONVERSION = YES_AGGRESSIVE;
				CLANG_CXX_LANGUAGE_STANDARD = "gnu++20";
				CLANG_ENABLE_MODULES = YES;
				CLANG_ENABLE_OBJC_ARC = YES;
				CLANG_ENABLE_OBJC_WEAK = YES;
				CLANG_WARN_BLOCK_CAPTURE_AUTORELEASING = YES;
				CLANG_WARN_BOOL_CONVERSION = YES;
				CLANG_WARN_COMMA = YES;
				CLANG_WARN_CONSTANT_CONVERSION = YES;
				CLANG_WARN_DEPRECATED_OBJC_IMPLEMENTATIONS = YES;
				CLANG_WARN_DIRECT_OBJC_ISA_USAGE = YES_ERROR;
				CLANG_WARN_DOCUMENTATION_COMMENTS = YES;
				CLANG_WARN_EMPTY_BODY = YES;
				CLANG_WARN_ENUM_CONVERSION = YES;
				CLANG_WARN_INFINITE_RECURSION = YES;
				CLANG_WARN_INT_CONVERSION = YES;
				CLANG_WARN_NON_LITERAL_NULL_CONVERSION = YES;
				CLANG_WARN_OBJC_IMPLICIT_RETAIN_SELF = YES;
				CLANG_WARN_OBJC_LITERAL_CONVERSION = YES;
				CLANG_WARN_OBJC_ROOT_CLASS = YES_ERROR;
				CLANG_WARN_QUOTED_INCLUDE_IN_FRAMEWORK_HEADER = YES;
				CLANG_WARN_RANGE_LOOP_ANALYSIS = YES;
				CLANG_WARN_STRICT_PROTOTYPES = YES;
				CLANG_WARN_SUSPICIOUS_MOVE = YES;
				CLANG_WARN_UNGUARDED_AVAILABILITY = YES_AGGRESSIVE;
				CLANG_WARN_UNREACHABLE_CODE = YES;
				CLANG_WARN__DUPLICATE_METHOD_MATCH = YES;
				COPY_PHASE_STRIP = NO;
				DEBUG_INFORMATION_FORMAT = "dwarf-with-dsym";
				ENABLE_NS_ASSERTIONS = NO;
				ENABLE_STRICT_OBJC_MSGSEND = YES;
				ENABLE_USER_SCRIPT_SANDBOXING = YES;
				GCC_C_LANGUAGE_STANDARD = gnu17;
				GCC_NO_COMMON_BLOCKS = YES;
				GCC_WARN_64_TO_32_BIT_CONVERSION = YES;
				GCC_WARN_ABOUT_RETURN_TYPE = YES_ERROR;
				GCC_WARN_UNDECLARED_SELECTOR = YES;
				GCC_WARN_UNINITIALIZED_AUTOS = YES_AGGRESSIVE;
				GCC_WARN_UNUSED_FUNCTION = YES;
				GCC_WARN_UNUSED_VARIABLE = YES;
				LOCALIZATION_PREFERS_STRING_CATALOGS = YES;
				MTL_ENABLE_DEBUG_INFO = NO;
				MTL_FAST_MATH = YES;
				SWIFT_COMPILATION_MODE = wholemodule;
			};
			name = Release;
		};
		D081A5B22E268801002F43C7 /* Debug */ = {
			isa = XCBuildConfiguration;
			buildSettings = {
				ASSETCATALOG_COMPILER_APPICON_NAME = AppIcon;
				ASSETCATALOG_COMPILER_GLOBAL_ACCENT_COLOR_NAME = AccentColor;
				CODE_SIGN_ENTITLEMENTS = MindNotes/MindNotes.entitlements;
				CODE_SIGN_STYLE = Automatic;
				CURRENT_PROJECT_VERSION = 1;
				DEVELOPMENT_ASSET_PATHS = "\"MindNotes/Preview Content\"";
				DEVELOPMENT_TEAM = GTH77F75XH;
				ENABLE_HARDENED_RUNTIME = YES;
				ENABLE_PREVIEWS = YES;
				GENERATE_INFOPLIST_FILE = YES;
				"INFOPLIST_KEY_UIApplicationSceneManifest_Generation[sdk=iphoneos*]" = YES;
				"INFOPLIST_KEY_UIApplicationSceneManifest_Generation[sdk=iphonesimulator*]" = YES;
				"INFOPLIST_KEY_UIApplicationSupportsIndirectInputEvents[sdk=iphoneos*]" = YES;
				"INFOPLIST_KEY_UIApplicationSupportsIndirectInputEvents[sdk=iphonesimulator*]" = YES;
				"INFOPLIST_KEY_UILaunchScreen_Generation[sdk=iphoneos*]" = YES;
				"INFOPLIST_KEY_UILaunchScreen_Generation[sdk=iphonesimulator*]" = YES;
				"INFOPLIST_KEY_UIStatusBarStyle[sdk=iphoneos*]" = UIStatusBarStyleDefault;
				"INFOPLIST_KEY_UIStatusBarStyle[sdk=iphonesimulator*]" = UIStatusBarStyleDefault;
				INFOPLIST_KEY_UISupportedInterfaceOrientations_iPad = "UIInterfaceOrientationPortrait UIInterfaceOrientationPortraitUpsideDown UIInterfaceOrientationLandscapeLeft UIInterfaceOrientationLandscapeRight";
				INFOPLIST_KEY_UISupportedInterfaceOrientations_iPhone = "UIInterfaceOrientationPortrait UIInterfaceOrientationLandscapeLeft UIInterfaceOrientationLandscapeRight";
				INFOPLIST_KEY_UIUserInterfaceStyle = Dark;
				IPHONEOS_DEPLOYMENT_TARGET = 18.2;
				LD_RUNPATH_SEARCH_PATHS = "@executable_path/Frameworks";
				"LD_RUNPATH_SEARCH_PATHS[sdk=macosx*]" = "@executable_path/../Frameworks";
				MACOSX_DEPLOYMENT_TARGET = 15.2;
				MARKETING_VERSION = 1.0;
				PRODUCT_BUNDLE_IDENTIFIER = mateus.MindNotes;
				PRODUCT_NAME = "$(TARGET_NAME)";
				SDKROOT = auto;
				SUPPORTED_PLATFORMS = "iphoneos iphonesimulator macosx xros xrsimulator";
				SWIFT_EMIT_LOC_STRINGS = YES;
				SWIFT_VERSION = 5.0;
				TARGETED_DEVICE_FAMILY = "1,2,7";
				XROS_DEPLOYMENT_TARGET = 2.2;
			};
			name = Debug;
		};
		D081A5B32E268801002F43C7 /* Release */ = {
			isa = XCBuildConfiguration;
			buildSettings = {
				ASSETCATALOG_COMPILER_APPICON_NAME = AppIcon;
				ASSETCATALOG_COMPILER_GLOBAL_ACCENT_COLOR_NAME = AccentColor;
				CODE_SIGN_ENTITLEMENTS = MindNotes/MindNotes.entitlements;
				CODE_SIGN_STYLE = Automatic;
				CURRENT_PROJECT_VERSION = 1;
				DEVELOPMENT_ASSET_PATHS = "\"MindNotes/Preview Content\"";
				DEVELOPMENT_TEAM = GTH77F75XH;
				ENABLE_HARDENED_RUNTIME = YES;
				ENABLE_PREVIEWS = YES;
				GENERATE_INFOPLIST_FILE = YES;
				"INFOPLIST_KEY_UIApplicationSceneManifest_Generation[sdk=iphoneos*]" = YES;
				"INFOPLIST_KEY_UIApplicationSceneManifest_Generation[sdk=iphonesimulator*]" = YES;
				"INFOPLIST_KEY_UIApplicationSupportsIndirectInputEvents[sdk=iphoneos*]" = YES;
				"INFOPLIST_KEY_UIApplicationSupportsIndirectInputEvents[sdk=iphonesimulator*]" = YES;
				"INFOPLIST_KEY_UILaunchScreen_Generation[sdk=iphoneos*]" = YES;
				"INFOPLIST_KEY_UILaunchScreen_Generation[sdk=iphonesimulator*]" = YES;
				"INFOPLIST_KEY_UIStatusBarStyle[sdk=iphoneos*]" = UIStatusBarStyleDefault;
				"INFOPLIST_KEY_UIStatusBarStyle[sdk=iphonesimulator*]" = UIStatusBarStyleDefault;
				INFOPLIST_KEY_UISupportedInterfaceOrientations_iPad = "UIInterfaceOrientationPortrait UIInterfaceOrientationPortraitUpsideDown UIInterfaceOrientationLandscapeLeft UIInterfaceOrientationLandscapeRight";
				INFOPLIST_KEY_UISupportedInterfaceOrientations_iPhone = "UIInterfaceOrientationPortrait UIInterfaceOrientationLandscapeLeft UIInterfaceOrientationLandscapeRight";
				INFOPLIST_KEY_UIUserInterfaceStyle = Dark;
				IPHONEOS_DEPLOYMENT_TARGET = 18.2;
				LD_RUNPATH_SEARCH_PATHS = "@executable_path/Frameworks";
				"LD_RUNPATH_SEARCH_PATHS[sdk=macosx*]" = "@executable_path/../Frameworks";
				MACOSX_DEPLOYMENT_TARGET = 15.2;
				MARKETING_VERSION = 1.0;
				PRODUCT_BUNDLE_IDENTIFIER = mateus.MindNotes;
				PRODUCT_NAME = "$(TARGET_NAME)";
				SDKROOT = auto;
				SUPPORTED_PLATFORMS = "iphoneos iphonesimulator macosx xros xrsimulator";
				SWIFT_EMIT_LOC_STRINGS = YES;
				SWIFT_VERSION = 5.0;
				TARGETED_DEVICE_FAMILY = "1,2,7";
				XROS_DEPLOYMENT_TARGET = 2.2;
			};
			name = Release;
		};
		D081A5B52E268801002F43C7 /* Debug */ = {
			isa = XCBuildConfiguration;
			buildSettings = {
				BUNDLE_LOADER = "$(TEST_HOST)";
				CODE_SIGN_STYLE = Automatic;
				CURRENT_PROJECT_VERSION = 1;
				DEVELOPMENT_TEAM = GTH77F75XH;
				GENERATE_INFOPLIST_FILE = YES;
				IPHONEOS_DEPLOYMENT_TARGET = 18.2;
				MACOSX_DEPLOYMENT_TARGET = 15.2;
				MARKETING_VERSION = 1.0;
				PRODUCT_BUNDLE_IDENTIFIER = mateus.MindNotesTests;
				PRODUCT_NAME = "$(TARGET_NAME)";
				SDKROOT = auto;
				SUPPORTED_PLATFORMS = "iphoneos iphonesimulator macosx xros xrsimulator";
				SWIFT_EMIT_LOC_STRINGS = NO;
				SWIFT_VERSION = 5.0;
				TARGETED_DEVICE_FAMILY = "1,2,7";
				TEST_HOST = "$(BUILT_PRODUCTS_DIR)/MindNotes.app/$(BUNDLE_EXECUTABLE_FOLDER_PATH)/MindNotes";
				XROS_DEPLOYMENT_TARGET = 2.2;
			};
			name = Debug;
		};
		D081A5B62E268801002F43C7 /* Release */ = {
			isa = XCBuildConfiguration;
			buildSettings = {
				BUNDLE_LOADER = "$(TEST_HOST)";
				CODE_SIGN_STYLE = Automatic;
				CURRENT_PROJECT_VERSION = 1;
				DEVELOPMENT_TEAM = GTH77F75XH;
				GENERATE_INFOPLIST_FILE = YES;
				IPHONEOS_DEPLOYMENT_TARGET = 18.2;
				MACOSX_DEPLOYMENT_TARGET = 15.2;
				MARKETING_VERSION = 1.0;
				PRODUCT_BUNDLE_IDENTIFIER = mateus.MindNotesTests;
				PRODUCT_NAME = "$(TARGET_NAME)";
				SDKROOT = auto;
				SUPPORTED_PLATFORMS = "iphoneos iphonesimulator macosx xros xrsimulator";
				SWIFT_EMIT_LOC_STRINGS = NO;
				SWIFT_VERSION = 5.0;
				TARGETED_DEVICE_FAMILY = "1,2,7";
				TEST_HOST = "$(BUILT_PRODUCTS_DIR)/MindNotes.app/$(BUNDLE_EXECUTABLE_FOLDER_PATH)/MindNotes";
				XROS_DEPLOYMENT_TARGET = 2.2;
			};
			name = Release;
		};
		D081A5B82E268801002F43C7 /* Debug */ = {
			isa = XCBuildConfiguration;
			buildSettings = {
				CODE_SIGN_STYLE = Automatic;
				CURRENT_PROJECT_VERSION = 1;
				DEVELOPMENT_TEAM = GTH77F75XH;
				GENERATE_INFOPLIST_FILE = YES;
				IPHONEOS_DEPLOYMENT_TARGET = 18.2;
				MACOSX_DEPLOYMENT_TARGET = 15.2;
				MARKETING_VERSION = 1.0;
				PRODUCT_BUNDLE_IDENTIFIER = mateus.MindNotesUITests;
				PRODUCT_NAME = "$(TARGET_NAME)";
				SDKROOT = auto;
				SUPPORTED_PLATFORMS = "iphoneos iphonesimulator macosx xros xrsimulator";
				SWIFT_EMIT_LOC_STRINGS = NO;
				SWIFT_VERSION = 5.0;
				TARGETED_DEVICE_FAMILY = "1,2,7";
				TEST_TARGET_NAME = MindNotes;
				XROS_DEPLOYMENT_TARGET = 2.2;
			};
			name = Debug;
		};
		D081A5B92E268801002F43C7 /* Release */ = {
			isa = XCBuildConfiguration;
			buildSettings = {
				CODE_SIGN_STYLE = Automatic;
				CURRENT_PROJECT_VERSION = 1;
				DEVELOPMENT_TEAM = GTH77F75XH;
				GENERATE_INFOPLIST_FILE = YES;
				IPHONEOS_DEPLOYMENT_TARGET = 18.2;
				MACOSX_DEPLOYMENT_TARGET = 15.2;
				MARKETING_VERSION = 1.0;
				PRODUCT_BUNDLE_IDENTIFIER = mateus.MindNotesUITests;
				PRODUCT_NAME = "$(TARGET_NAME)";
				SDKROOT = auto;
				SUPPORTED_PLATFORMS = "iphoneos iphonesimulator macosx xros xrsimulator";
				SWIFT_EMIT_LOC_STRINGS = NO;
				SWIFT_VERSION = 5.0;
				TARGETED_DEVICE_FAMILY = "1,2,7";
				TEST_TARGET_NAME = MindNotes;
				XROS_DEPLOYMENT_TARGET = 2.2;
			};
			name = Release;
		};
/* End XCBuildConfiguration section */

/* Begin XCConfigurationList section */
		D071DD8B2E48229F00265FA4 /* Build configuration list for PBXNativeTarget "MindNotesWidget-ExtensionExtension" */ = {
			isa = XCConfigurationList;
			buildConfigurations = (
				D071DD8C2E48229F00265FA4 /* Debug */,
				D071DD8D2E48229F00265FA4 /* Release */,
			);
			defaultConfigurationIsVisible = 0;
			defaultConfigurationName = Release;
		};
		D081A5872E2687FF002F43C7 /* Build configuration list for PBXProject "MindNotes" */ = {
			isa = XCConfigurationList;
			buildConfigurations = (
				D081A5AF2E268801002F43C7 /* Debug */,
				D081A5B02E268801002F43C7 /* Release */,
			);
			defaultConfigurationIsVisible = 0;
			defaultConfigurationName = Release;
		};
		D081A5B12E268801002F43C7 /* Build configuration list for PBXNativeTarget "MindNotes" */ = {
			isa = XCConfigurationList;
			buildConfigurations = (
				D081A5B22E268801002F43C7 /* Debug */,
				D081A5B32E268801002F43C7 /* Release */,
			);
			defaultConfigurationIsVisible = 0;
			defaultConfigurationName = Release;
		};
		D081A5B42E268801002F43C7 /* Build configuration list for PBXNativeTarget "MindNotesTests" */ = {
			isa = XCConfigurationList;
			buildConfigurations = (
				D081A5B52E268801002F43C7 /* Debug */,
				D081A5B62E268801002F43C7 /* Release */,
			);
			defaultConfigurationIsVisible = 0;
			defaultConfigurationName = Release;
		};
		D081A5B72E268801002F43C7 /* Build configuration list for PBXNativeTarget "MindNotesUITests" */ = {
			isa = XCConfigurationList;
			buildConfigurations = (
				D081A5B82E268801002F43C7 /* Debug */,
				D081A5B92E268801002F43C7 /* Release */,
			);
			defaultConfigurationIsVisible = 0;
			defaultConfigurationName = Release;
		};
/* End XCConfigurationList section */
	};
	rootObject = D081A5842E2687FF002F43C7 /* Project object */;
}
